
Microsoft Visual Studio Solution File, Format Version 12.00
# Visual Studio Version 17
VisualStudioVersion = 17.7.34024.191
MinimumVisualStudioVersion = 10.0.40219.1
Project("{FAE04EC0-301F-11D3-BF4B-00C04F79EFBC}") = "קלפים", "קלפים\קלפים.csproj", "{D55DED26-D7F8-4B09-BFC5-BE5478EDF5D9}"
EndProject
Global
	GlobalSection(SolutionConfigurationPlatforms) = preSolution
		Debug|Any CPU = Debug|Any CPU
		Release|Any CPU = Release|Any CPU
	EndGlobalSection
	GlobalSection(ProjectConfigurationPlatforms) = postSolution
		{D55DED26-D7F8-4B09-BFC5-BE5478EDF5D9}.Debug|Any CPU.ActiveCfg = Debug|Any CPU
		{D55DED26-D7F8-4B09-BFC5-BE5478EDF5D9}.Debug|Any CPU.Build.0 = Debug|Any CPU
		{D55DED26-D7F8-4B09-BFC5-BE5478EDF5D9}.Release|Any CPU.ActiveCfg = Release|Any CPU
		{D55DED26-D7F8-4B09-BFC5-BE5478EDF5D9}.Release|Any CPU.Build.0 = Release|Any CPU
	EndGlobalSection
	GlobalSection(SolutionProperties) = preSolution
		HideSolutionNode = FALSE
	EndGlobalSection
	GlobalSection(ExtensibilityGlobals) = postSolution
		SolutionGuid = {BF251DDD-F20B-4E59-95CB-0F8F66FA13BD}
	EndGlobalSection
EndGlobal
